
Microsoft Visual Studio Solution File, Format Version 12.00
# Visual Studio Version 17
VisualStudioVersion = 17.5.33424.131
MinimumVisualStudioVersion = 10.0.40219.1
Project("{FAE04EC0-301F-11D3-BF4B-00C04F79EFBC}") = "IT", "IT\IT.csproj", "{F57D57C3-57B5-4844-ABA8-EF729BCFF57A}"
EndProject
Global
	GlobalSection(SolutionConfigurationPlatforms) = preSolution
		Debug|Any CPU = Debug|Any CPU
		Release|Any CPU = Release|Any CPU
	EndGlobalSection
	GlobalSection(ProjectConfigurationPlatforms) = postSolution
		{F57D57C3-57B5-4844-ABA8-EF729BCFF57A}.Debug|Any CPU.ActiveCfg = Debug|Any CPU
		{F57D57C3-57B5-4844-ABA8-EF729BCFF57A}.Debug|Any CPU.Build.0 = Debug|Any CPU
		{F57D57C3-57B5-4844-ABA8-EF729BCFF57A}.Release|Any CPU.ActiveCfg = Release|Any CPU
		{F57D57C3-57B5-4844-ABA8-EF729BCFF57A}.Release|Any CPU.Build.0 = Release|Any CPU
	EndGlobalSection
	GlobalSection(SolutionProperties) = preSolution
		HideSolutionNode = FALSE
	EndGlobalSection
	GlobalSection(ExtensibilityGlobals) = postSolution
		SolutionGuid = {00DFADF2-8646-45B0-9DD1-FE8EA4B48873}
	EndGlobalSection
EndGlobal
