
Microsoft Visual Studio Solution File, Format Version 12.00
# Visual Studio 2013
VisualStudioVersion = 12.0.30110.0
MinimumVisualStudioVersion = 10.0.40219.1
Project("{FAE04EC0-301F-11D3-BF4B-00C04F79EFBC}") = "simplex_gui", "simplex_gui\simplex_gui.csproj", "{183D3B14-877B-4284-9822-A2FCEB6E633A}"
EndProject
Global
	GlobalSection(TeamFoundationVersionControl) = preSolution
		SccNumberOfProjects = 2
		SccEnterpriseProvider = {4CA58AB2-18FA-4F8D-95D4-32DDF27D184C}
		SccTeamFoundationServer = https://csse0907in131m.visualstudio.com/defaultcollection
		SccLocalPath0 = .
		SccProjectUniqueName1 = simplex_gui\\simplex_gui.csproj
		SccProjectName1 = simplex_gui
		SccLocalPath1 = simplex_gui
	EndGlobalSection
	GlobalSection(SolutionConfigurationPlatforms) = preSolution
		Debug|x86 = Debug|x86
		Release|x86 = Release|x86
	EndGlobalSection
	GlobalSection(ProjectConfigurationPlatforms) = postSolution
		{183D3B14-877B-4284-9822-A2FCEB6E633A}.Debug|x86.ActiveCfg = Debug|x86
		{183D3B14-877B-4284-9822-A2FCEB6E633A}.Debug|x86.Build.0 = Debug|x86
		{183D3B14-877B-4284-9822-A2FCEB6E633A}.Release|x86.ActiveCfg = Release|x86
		{183D3B14-877B-4284-9822-A2FCEB6E633A}.Release|x86.Build.0 = Release|x86
	EndGlobalSection
	GlobalSection(SolutionProperties) = preSolution
		HideSolutionNode = FALSE
	EndGlobalSection
EndGlobal
