
Microsoft Visual Studio Solution File, Format Version 12.00
# Visual Studio Version 16
VisualStudioVersion = 16.0.31624.102
MinimumVisualStudioVersion = 10.0.40219.1
Project("{8BC9CEB8-8B4A-11D0-8D11-00A0C91BC942}") = "Lab1_1", "Lab1_1\Lab1_1.vcxproj", "{DAABF900-AEE3-4283-8587-CFE2F8AF3E0D}"
EndProject
Project("{8BC9CEB8-8B4A-11D0-8D11-00A0C91BC942}") = "Lab1_2", "Lab1_2\Lab1_2.vcxproj", "{BA617519-402A-43F2-8401-9EDDAD115784}"
EndProject
Project("{8BC9CEB8-8B4A-11D0-8D11-00A0C91BC942}") = "Lab1_3", "Lab1_3\Lab1_3.vcxproj", "{44F0C3A6-710B-4852-9FDC-48ED6282DE51}"
EndProject
Project("{8BC9CEB8-8B4A-11D0-8D11-00A0C91BC942}") = "Lab1_4_2", "Lab1_4\Lab1_4.vcxproj", "{0346CBA1-0F8A-4896-9778-E1DAE7CEFEEB}"
EndProject
Project("{8BC9CEB8-8B4A-11D0-8D11-00A0C91BC942}") = "Lab1_5", "Lab1_5\Lab1_5.vcxproj", "{08BC66A3-1198-4023-BFB7-BB1787D9F5D9}"
EndProject
Project("{8BC9CEB8-8B4A-11D0-8D11-00A0C91BC942}") = "Lab1_6", "Lab1_6\Lab1_6.vcxproj", "{496590EA-A311-4BE9-91CF-89CDB44F0BB9}"
EndProject
Project("{8BC9CEB8-8B4A-11D0-8D11-00A0C91BC942}") = "Lab1_4_1", "Lab1_4_1\Lab1_4_1.vcxproj", "{F085439E-0142-4ED3-8620-6F331D259154}"
EndProject
Global
	GlobalSection(SolutionConfigurationPlatforms) = preSolution
		Debug|x64 = Debug|x64
		Debug|x86 = Debug|x86
		Release|x64 = Release|x64
		Release|x86 = Release|x86
	EndGlobalSection
	GlobalSection(ProjectConfigurationPlatforms) = postSolution
		{DAABF900-AEE3-4283-8587-CFE2F8AF3E0D}.Debug|x64.ActiveCfg = Debug|x64
		{DAABF900-AEE3-4283-8587-CFE2F8AF3E0D}.Debug|x64.Build.0 = Debug|x64
		{DAABF900-AEE3-4283-8587-CFE2F8AF3E0D}.Debug|x86.ActiveCfg = Debug|Win32
		{DAABF900-AEE3-4283-8587-CFE2F8AF3E0D}.Debug|x86.Build.0 = Debug|Win32
		{DAABF900-AEE3-4283-8587-CFE2F8AF3E0D}.Release|x64.ActiveCfg = Release|x64
		{DAABF900-AEE3-4283-8587-CFE2F8AF3E0D}.Release|x64.Build.0 = Release|x64
		{DAABF900-AEE3-4283-8587-CFE2F8AF3E0D}.Release|x86.ActiveCfg = Release|Win32
		{DAABF900-AEE3-4283-8587-CFE2F8AF3E0D}.Release|x86.Build.0 = Release|Win32
		{BA617519-402A-43F2-8401-9EDDAD115784}.Debug|x64.ActiveCfg = Debug|x64
		{BA617519-402A-43F2-8401-9EDDAD115784}.Debug|x64.Build.0 = Debug|x64
		{BA617519-402A-43F2-8401-9EDDAD115784}.Debug|x86.ActiveCfg = Debug|Win32
		{BA617519-402A-43F2-8401-9EDDAD115784}.Debug|x86.Build.0 = Debug|Win32
		{BA617519-402A-43F2-8401-9EDDAD115784}.Release|x64.ActiveCfg = Release|x64
		{BA617519-402A-43F2-8401-9EDDAD115784}.Release|x64.Build.0 = Release|x64
		{BA617519-402A-43F2-8401-9EDDAD115784}.Release|x86.ActiveCfg = Release|Win32
		{BA617519-402A-43F2-8401-9EDDAD115784}.Release|x86.Build.0 = Release|Win32
		{44F0C3A6-710B-4852-9FDC-48ED6282DE51}.Debug|x64.ActiveCfg = Debug|x64
		{44F0C3A6-710B-4852-9FDC-48ED6282DE51}.Debug|x64.Build.0 = Debug|x64
		{44F0C3A6-710B-4852-9FDC-48ED6282DE51}.Debug|x86.ActiveCfg = Debug|Win32
		{44F0C3A6-710B-4852-9FDC-48ED6282DE51}.Debug|x86.Build.0 = Debug|Win32
		{44F0C3A6-710B-4852-9FDC-48ED6282DE51}.Release|x64.ActiveCfg = Release|x64
		{44F0C3A6-710B-4852-9FDC-48ED6282DE51}.Release|x64.Build.0 = Release|x64
		{44F0C3A6-710B-4852-9FDC-48ED6282DE51}.Release|x86.ActiveCfg = Release|Win32
		{44F0C3A6-710B-4852-9FDC-48ED6282DE51}.Release|x86.Build.0 = Release|Win32
		{0346CBA1-0F8A-4896-9778-E1DAE7CEFEEB}.Debug|x64.ActiveCfg = Debug|x64
		{0346CBA1-0F8A-4896-9778-E1DAE7CEFEEB}.Debug|x64.Build.0 = Debug|x64
		{0346CBA1-0F8A-4896-9778-E1DAE7CEFEEB}.Debug|x86.ActiveCfg = Debug|Win32
		{0346CBA1-0F8A-4896-9778-E1DAE7CEFEEB}.Debug|x86.Build.0 = Debug|Win32
		{0346CBA1-0F8A-4896-9778-E1DAE7CEFEEB}.Release|x64.ActiveCfg = Release|x64
		{0346CBA1-0F8A-4896-9778-E1DAE7CEFEEB}.Release|x64.Build.0 = Release|x64
		{0346CBA1-0F8A-4896-9778-E1DAE7CEFEEB}.Release|x86.ActiveCfg = Release|Win32
		{0346CBA1-0F8A-4896-9778-E1DAE7CEFEEB}.Release|x86.Build.0 = Release|Win32
		{08BC66A3-1198-4023-BFB7-BB1787D9F5D9}.Debug|x64.ActiveCfg = Debug|x64
		{08BC66A3-1198-4023-BFB7-BB1787D9F5D9}.Debug|x64.Build.0 = Debug|x64
		{08BC66A3-1198-4023-BFB7-BB1787D9F5D9}.Debug|x86.ActiveCfg = Debug|Win32
		{08BC66A3-1198-4023-BFB7-BB1787D9F5D9}.Debug|x86.Build.0 = Debug|Win32
		{08BC66A3-1198-4023-BFB7-BB1787D9F5D9}.Release|x64.ActiveCfg = Release|x64
		{08BC66A3-1198-4023-BFB7-BB1787D9F5D9}.Release|x64.Build.0 = Release|x64
		{08BC66A3-1198-4023-BFB7-BB1787D9F5D9}.Release|x86.ActiveCfg = Release|Win32
		{08BC66A3-1198-4023-BFB7-BB1787D9F5D9}.Release|x86.Build.0 = Release|Win32
		{496590EA-A311-4BE9-91CF-89CDB44F0BB9}.Debug|x64.ActiveCfg = Debug|x64
		{496590EA-A311-4BE9-91CF-89CDB44F0BB9}.Debug|x64.Build.0 = Debug|x64
		{496590EA-A311-4BE9-91CF-89CDB44F0BB9}.Debug|x86.ActiveCfg = Debug|Win32
		{496590EA-A311-4BE9-91CF-89CDB44F0BB9}.Debug|x86.Build.0 = Debug|Win32
		{496590EA-A311-4BE9-91CF-89CDB44F0BB9}.Release|x64.ActiveCfg = Release|x64
		{496590EA-A311-4BE9-91CF-89CDB44F0BB9}.Release|x64.Build.0 = Release|x64
		{496590EA-A311-4BE9-91CF-89CDB44F0BB9}.Release|x86.ActiveCfg = Release|Win32
		{496590EA-A311-4BE9-91CF-89CDB44F0BB9}.Release|x86.Build.0 = Release|Win32
		{F085439E-0142-4ED3-8620-6F331D259154}.Debug|x64.ActiveCfg = Debug|x64
		{F085439E-0142-4ED3-8620-6F331D259154}.Debug|x64.Build.0 = Debug|x64
		{F085439E-0142-4ED3-8620-6F331D259154}.Debug|x86.ActiveCfg = Debug|Win32
		{F085439E-0142-4ED3-8620-6F331D259154}.Debug|x86.Build.0 = Debug|Win32
		{F085439E-0142-4ED3-8620-6F331D259154}.Release|x64.ActiveCfg = Release|x64
		{F085439E-0142-4ED3-8620-6F331D259154}.Release|x64.Build.0 = Release|x64
		{F085439E-0142-4ED3-8620-6F331D259154}.Release|x86.ActiveCfg = Release|Win32
		{F085439E-0142-4ED3-8620-6F331D259154}.Release|x86.Build.0 = Release|Win32
	EndGlobalSection
	GlobalSection(SolutionProperties) = preSolution
		HideSolutionNode = FALSE
	EndGlobalSection
	GlobalSection(ExtensibilityGlobals) = postSolution
		SolutionGuid = {3B017221-749C-4836-9899-E84492420DA7}
	EndGlobalSection
EndGlobal
