
Microsoft Visual Studio Solution File, Format Version 12.00
# Visual Studio Version 17
VisualStudioVersion = 17.3.32929.385
MinimumVisualStudioVersion = 10.0.40219.1
Project("{8BC9CEB8-8B4A-11D0-8D11-00A0C91BC942}") = "forms", "forms\forms.vcxproj", "{B7490487-AAEB-4B70-ACD8-9386798A9DC0}"
EndProject
Global
	GlobalSection(SolutionConfigurationPlatforms) = preSolution
		Debug|x64 = Debug|x64
		Debug|x86 = Debug|x86
		Release|x64 = Release|x64
		Release|x86 = Release|x86
	EndGlobalSection
	GlobalSection(ProjectConfigurationPlatforms) = postSolution
		{B7490487-AAEB-4B70-ACD8-9386798A9DC0}.Debug|x64.ActiveCfg = Debug|x64
		{B7490487-AAEB-4B70-ACD8-9386798A9DC0}.Debug|x64.Build.0 = Debug|x64
		{B7490487-AAEB-4B70-ACD8-9386798A9DC0}.Debug|x86.ActiveCfg = Debug|Win32
		{B7490487-AAEB-4B70-ACD8-9386798A9DC0}.Debug|x86.Build.0 = Debug|Win32
		{B7490487-AAEB-4B70-ACD8-9386798A9DC0}.Release|x64.ActiveCfg = Release|x64
		{B7490487-AAEB-4B70-ACD8-9386798A9DC0}.Release|x64.Build.0 = Release|x64
		{B7490487-AAEB-4B70-ACD8-9386798A9DC0}.Release|x86.ActiveCfg = Release|Win32
		{B7490487-AAEB-4B70-ACD8-9386798A9DC0}.Release|x86.Build.0 = Release|Win32
	EndGlobalSection
	GlobalSection(SolutionProperties) = preSolution
		HideSolutionNode = FALSE
	EndGlobalSection
	GlobalSection(ExtensibilityGlobals) = postSolution
		SolutionGuid = {5034DEB7-31ED-497D-ADC4-FC1C4B9E7CD1}
	EndGlobalSection
EndGlobal
