
Microsoft Visual Studio Solution File, Format Version 12.00
# Visual Studio Version 17
VisualStudioVersion = 17.3.32929.385
MinimumVisualStudioVersion = 10.0.40219.1
Project("{8BC9CEB8-8B4A-11D0-8D11-00A0C91BC942}") = "Labs_2", "Labs_2\Labs_2.vcxproj", "{23919360-FBB7-4598-AFA2-EFEAE1C7EEF5}"
EndProject
Global
	GlobalSection(SolutionConfigurationPlatforms) = preSolution
		Debug|x64 = Debug|x64
		Debug|x86 = Debug|x86
		Release|x64 = Release|x64
		Release|x86 = Release|x86
	EndGlobalSection
	GlobalSection(ProjectConfigurationPlatforms) = postSolution
		{23919360-FBB7-4598-AFA2-EFEAE1C7EEF5}.Debug|x64.ActiveCfg = Debug|x64
		{23919360-FBB7-4598-AFA2-EFEAE1C7EEF5}.Debug|x64.Build.0 = Debug|x64
		{23919360-FBB7-4598-AFA2-EFEAE1C7EEF5}.Debug|x86.ActiveCfg = Debug|Win32
		{23919360-FBB7-4598-AFA2-EFEAE1C7EEF5}.Debug|x86.Build.0 = Debug|Win32
		{23919360-FBB7-4598-AFA2-EFEAE1C7EEF5}.Release|x64.ActiveCfg = Release|x64
		{23919360-FBB7-4598-AFA2-EFEAE1C7EEF5}.Release|x64.Build.0 = Release|x64
		{23919360-FBB7-4598-AFA2-EFEAE1C7EEF5}.Release|x86.ActiveCfg = Release|Win32
		{23919360-FBB7-4598-AFA2-EFEAE1C7EEF5}.Release|x86.Build.0 = Release|Win32
	EndGlobalSection
	GlobalSection(SolutionProperties) = preSolution
		HideSolutionNode = FALSE
	EndGlobalSection
	GlobalSection(ExtensibilityGlobals) = postSolution
		SolutionGuid = {8FBD4A5C-1D80-4335-8B36-46BF01D388CC}
	EndGlobalSection
EndGlobal
