
Microsoft Visual Studio Solution File, Format Version 12.00
# Visual Studio Version 16
VisualStudioVersion = 16.0.31624.102
MinimumVisualStudioVersion = 10.0.40219.1
Project("{8BC9CEB8-8B4A-11D0-8D11-00A0C91BC942}") = "labs_1", "labs_1\labs_1.vcxproj", "{D5813735-A4A9-4112-8BF1-1025F5173FDD}"
EndProject
Global
	GlobalSection(SolutionConfigurationPlatforms) = preSolution
		Debug|x64 = Debug|x64
		Debug|x86 = Debug|x86
		Release|x64 = Release|x64
		Release|x86 = Release|x86
	EndGlobalSection
	GlobalSection(ProjectConfigurationPlatforms) = postSolution
		{D5813735-A4A9-4112-8BF1-1025F5173FDD}.Debug|x64.ActiveCfg = Debug|x64
		{D5813735-A4A9-4112-8BF1-1025F5173FDD}.Debug|x64.Build.0 = Debug|x64
		{D5813735-A4A9-4112-8BF1-1025F5173FDD}.Debug|x86.ActiveCfg = Debug|Win32
		{D5813735-A4A9-4112-8BF1-1025F5173FDD}.Debug|x86.Build.0 = Debug|Win32
		{D5813735-A4A9-4112-8BF1-1025F5173FDD}.Release|x64.ActiveCfg = Release|x64
		{D5813735-A4A9-4112-8BF1-1025F5173FDD}.Release|x64.Build.0 = Release|x64
		{D5813735-A4A9-4112-8BF1-1025F5173FDD}.Release|x86.ActiveCfg = Release|Win32
		{D5813735-A4A9-4112-8BF1-1025F5173FDD}.Release|x86.Build.0 = Release|Win32
	EndGlobalSection
	GlobalSection(SolutionProperties) = preSolution
		HideSolutionNode = FALSE
	EndGlobalSection
	GlobalSection(ExtensibilityGlobals) = postSolution
		SolutionGuid = {A7116A9C-EF9E-497F-BAC4-6B7E0F743329}
	EndGlobalSection
EndGlobal
